
Microsoft Visual Studio Solution File, Format Version 12.00
# Visual Studio Version 17
VisualStudioVersion = 17.9.34723.18
MinimumVisualStudioVersion = 10.0.40219.1
Project("{FAE04EC0-301F-11D3-BF4B-00C04F79EFBC}") = "PPR_ImageBlur", "PPR_ImageBlur\PPR_ImageBlur.csproj", "{70C03987-C976-4E4E-A4ED-0464F4189F67}"
EndProject
Global
	GlobalSection(SolutionConfigurationPlatforms) = preSolution
		Debug|Any CPU = Debug|Any CPU
		Release|Any CPU = Release|Any CPU
	EndGlobalSection
	GlobalSection(ProjectConfigurationPlatforms) = postSolution
		{70C03987-C976-4E4E-A4ED-0464F4189F67}.Debug|Any CPU.ActiveCfg = Debug|Any CPU
		{70C03987-C976-4E4E-A4ED-0464F4189F67}.Debug|Any CPU.Build.0 = Debug|Any CPU
		{70C03987-C976-4E4E-A4ED-0464F4189F67}.Release|Any CPU.ActiveCfg = Release|Any CPU
		{70C03987-C976-4E4E-A4ED-0464F4189F67}.Release|Any CPU.Build.0 = Release|Any CPU
	EndGlobalSection
	GlobalSection(SolutionProperties) = preSolution
		HideSolutionNode = FALSE
	EndGlobalSection
	GlobalSection(ExtensibilityGlobals) = postSolution
		SolutionGuid = {7CF297A3-B7A4-4AC9-8AF7-A515BFFC51DB}
	EndGlobalSection
EndGlobal
